
Microsoft Visual Studio Solution File, Format Version 12.00
# Visual Studio Version 17
VisualStudioVersion = 17.6.33829.357
MinimumVisualStudioVersion = 10.0.40219.1
Project("{9A19103F-16F7-4668-BE54-9A1E7A4F7556}") = "SMC_basic_example", "SMC_basic_example\SMC_basic_example.csproj", "{8508389F-06F1-4703-A0F9-D294785AA611}"
EndProject
Project("{FAE04EC0-301F-11D3-BF4B-00C04F79EFBC}") = "SMC_Framework", "SMC_Framework\SMC_Framework.csproj", "{61FEDAE3-F796-433B-AB0D-10ACB69E31FF}"
EndProject
Global
	GlobalSection(SolutionConfigurationPlatforms) = preSolution
		Debug|Any CPU = Debug|Any CPU
		Release|Any CPU = Release|Any CPU
	EndGlobalSection
	GlobalSection(ProjectConfigurationPlatforms) = postSolution
		{8508389F-06F1-4703-A0F9-D294785AA611}.Debug|Any CPU.ActiveCfg = Debug|Any CPU
		{8508389F-06F1-4703-A0F9-D294785AA611}.Debug|Any CPU.Build.0 = Debug|Any CPU
		{8508389F-06F1-4703-A0F9-D294785AA611}.Release|Any CPU.ActiveCfg = Release|Any CPU
		{8508389F-06F1-4703-A0F9-D294785AA611}.Release|Any CPU.Build.0 = Release|Any CPU
		{61FEDAE3-F796-433B-AB0D-10ACB69E31FF}.Debug|Any CPU.ActiveCfg = Debug|Any CPU
		{61FEDAE3-F796-433B-AB0D-10ACB69E31FF}.Debug|Any CPU.Build.0 = Debug|Any CPU
		{61FEDAE3-F796-433B-AB0D-10ACB69E31FF}.Release|Any CPU.ActiveCfg = Release|Any CPU
		{61FEDAE3-F796-433B-AB0D-10ACB69E31FF}.Release|Any CPU.Build.0 = Release|Any CPU
	EndGlobalSection
	GlobalSection(SolutionProperties) = preSolution
		HideSolutionNode = FALSE
	EndGlobalSection
	GlobalSection(ExtensibilityGlobals) = postSolution
		SolutionGuid = {8A26DFD4-16F1-4AF5-9666-5FEAE2B2B679}
	EndGlobalSection
EndGlobal
